# This file is automatically @generated by Cargo.
# It is not intended for manual editing.
version = 3

[[package]]
name = "myst"
version = "0.1.0"
dependencies = [
 "rainbow-wrapper",
]

[[package]]
name = "rainbow-wrapper"
version = "0.1.0"
source = "git+https://github.com/luminous-foundation/rainbow-wrapper.git#116d7f7d6a3a539426475f40f7a3250a8fb50545"
